
Microsoft Visual Studio Solution File, Format Version 12.00
# Visual Studio Version 16
VisualStudioVersion = 16.0.31205.134
MinimumVisualStudioVersion = 10.0.40219.1
Project("{FAE04EC0-301F-11D3-BF4B-00C04F79EFBC}") = "Vollmer ToolBox", "Vollmer ToolBox\Vollmer ToolBox.csproj", "{6C766AFA-53B0-4291-91D4-977B45D6E262}"
EndProject
Global
	GlobalSection(SolutionConfigurationPlatforms) = preSolution
		Debug|Any CPU = Debug|Any CPU
		Release|Any CPU = Release|Any CPU
	EndGlobalSection
	GlobalSection(ProjectConfigurationPlatforms) = postSolution
		{6C766AFA-53B0-4291-91D4-977B45D6E262}.Debug|Any CPU.ActiveCfg = Debug|Any CPU
		{6C766AFA-53B0-4291-91D4-977B45D6E262}.Debug|Any CPU.Build.0 = Debug|Any CPU
		{6C766AFA-53B0-4291-91D4-977B45D6E262}.Release|Any CPU.ActiveCfg = Release|Any CPU
		{6C766AFA-53B0-4291-91D4-977B45D6E262}.Release|Any CPU.Build.0 = Release|Any CPU
	EndGlobalSection
	GlobalSection(SolutionProperties) = preSolution
		HideSolutionNode = FALSE
	EndGlobalSection
	GlobalSection(ExtensibilityGlobals) = postSolution
		SolutionGuid = {B4356054-BC51-4186-93B8-887C7DA87BAF}
	EndGlobalSection
EndGlobal
